
Microsoft Visual Studio Solution File, Format Version 12.00
# Visual Studio 2012
Project("{FAE04EC0-301F-11D3-BF4B-00C04F79EFBC}") = "UnityManagedPlugin", "UnityManagedPlugin.csproj", "{1507A322-EF7C-415B-9BE9-EB063DF74E4B}"
EndProject
Global
	GlobalSection(SolutionConfigurationPlatforms) = preSolution
		Debug|Any CPU = Debug|Any CPU
		Release|Any CPU = Release|Any CPU
	EndGlobalSection
	GlobalSection(ProjectConfigurationPlatforms) = postSolution
		{1507A322-EF7C-415B-9BE9-EB063DF74E4B}.Debug|Any CPU.ActiveCfg = Debug|Any CPU
		{1507A322-EF7C-415B-9BE9-EB063DF74E4B}.Debug|Any CPU.Build.0 = Debug|Any CPU
		{1507A322-EF7C-415B-9BE9-EB063DF74E4B}.Release|Any CPU.ActiveCfg = Release|Any CPU
		{1507A322-EF7C-415B-9BE9-EB063DF74E4B}.Release|Any CPU.Build.0 = Release|Any CPU
	EndGlobalSection
	GlobalSection(MonoDevelopProperties) = preSolution
		BaseDirectory = ..\UnityPlugin\Assets\Plugins\Managed
		outputpath = ..\UnityPlugin\Assets\Plugins\Managed
	EndGlobalSection
EndGlobal
