// !$*UTF8*$!
{
	archiveVersion = 1;
	classes = {
	};
	objectVersion = 46;
	objects = {

/* Begin PBXBuildFile section */
		81F63F7F22C5F06B00D2FBC3 /* DeviceTokenPlugin.swift in Sources */ = {isa = PBXBuildFile; fileRef = 81F63F1A22C5F06B00D2FBC3 /* DeviceTokenPlugin.swift */; };
		81F63F8022C5F06B00D2FBC3 /* String.swift in Sources */ = {isa = PBXBuildFile; fileRef = 81F63F2122C5F06B00D2FBC3 /* String.swift */; };
		81F63F8122C5F06B00D2FBC3 /* PathPlugin.swift in Sources */ = {isa = PBXBuildFile; fileRef = 81F63F2522C5F06B00D2FBC3 /* PathPlugin.swift */; };
		81F63F8222C5F06B00D2FBC3 /* UnityiOSPluginAppDelegate.swift in Sources */ = {isa = PBXBuildFile; fileRef = 81F63F2922C5F06B00D2FBC3 /* UnityiOSPluginAppDelegate.swift */; };
		81F63F8322C5F06B00D2FBC3 /* PreferencePlugin.swift in Sources */ = {isa = PBXBuildFile; fileRef = 81F63F2D22C5F06B00D2FBC3 /* PreferencePlugin.swift */; };
		81F63F8422C5F06B00D2FBC3 /* TagPlugin.swift in Sources */ = {isa = PBXBuildFile; fileRef = 81F63F3122C5F06B00D2FBC3 /* TagPlugin.swift */; };
		81F63F8522C5F06B00D2FBC3 /* VersionPlugin.swift in Sources */ = {isa = PBXBuildFile; fileRef = 81F63F3322C5F06B00D2FBC3 /* VersionPlugin.swift */; };
		81F63F8622C5F06B00D2FBC3 /* TransitionPlugin.swift in Sources */ = {isa = PBXBuildFile; fileRef = 81F63F3722C5F06B00D2FBC3 /* TransitionPlugin.swift */; };
		81F63F8722C5F06B00D2FBC3 /* BaseNotifierPlugin.swift in Sources */ = {isa = PBXBuildFile; fileRef = 81F63F3B22C5F06B00D2FBC3 /* BaseNotifierPlugin.swift */; };
		81F63F8822C5F06B00D2FBC3 /* FCMNotifierPlugin.swift in Sources */ = {isa = PBXBuildFile; fileRef = 81F63F3C22C5F06B00D2FBC3 /* FCMNotifierPlugin.swift */; };
		81F63F8922C5F06B00D2FBC3 /* LocalNotifierPlugin.swift in Sources */ = {isa = PBXBuildFile; fileRef = 81F63F3D22C5F06B00D2FBC3 /* LocalNotifierPlugin.swift */; };
		81F63F8A22C5F06B00D2FBC3 /* UnityNotifierPlugin.swift in Sources */ = {isa = PBXBuildFile; fileRef = 81F63F4022C5F06B00D2FBC3 /* UnityNotifierPlugin.swift */; };
		81F63F8B22C5F06B00D2FBC3 /* RemoteNotifierPlugin.swift in Sources */ = {isa = PBXBuildFile; fileRef = 81F63F4322C5F06B00D2FBC3 /* RemoteNotifierPlugin.swift */; };
		81F63F8C22C5F06B00D2FBC3 /* ReviewViewPlugin.swift in Sources */ = {isa = PBXBuildFile; fileRef = 81F63F4B22C5F06B00D2FBC3 /* ReviewViewPlugin.swift */; };
		81F63F8D22C5F06B00D2FBC3 /* AlertViewPlugin.swift in Sources */ = {isa = PBXBuildFile; fileRef = 81F63F4C22C5F06B00D2FBC3 /* AlertViewPlugin.swift */; };
		81F63F8E22C5F06B00D2FBC3 /* WebViewPlugin.swift in Sources */ = {isa = PBXBuildFile; fileRef = 81F63F4D22C5F06B00D2FBC3 /* WebViewPlugin.swift */; };
		81F63F8F22C5F06B00D2FBC3 /* IndicatorViewPlugin.swift in Sources */ = {isa = PBXBuildFile; fileRef = 81F63F4F22C5F06B00D2FBC3 /* IndicatorViewPlugin.swift */; };
		81F63F9022C5F06B00D2FBC3 /* CameraViewPlugin.swift in Sources */ = {isa = PBXBuildFile; fileRef = 81F63F5122C5F06B00D2FBC3 /* CameraViewPlugin.swift */; };
		81F63F9122C5F06B00D2FBC3 /* LineViewControllerPlugin.swift in Sources */ = {isa = PBXBuildFile; fileRef = 81F63F5822C5F06B00D2FBC3 /* LineViewControllerPlugin.swift */; };
		81F63F9222C5F06B00D2FBC3 /* FacebookViewControllerPlugin.swift in Sources */ = {isa = PBXBuildFile; fileRef = 81F63F5A22C5F06B00D2FBC3 /* FacebookViewControllerPlugin.swift */; };
		81F63F9322C5F06B00D2FBC3 /* TwitterViewControllerPlugin.swift in Sources */ = {isa = PBXBuildFile; fileRef = 81F63F5B22C5F06B00D2FBC3 /* TwitterViewControllerPlugin.swift */; };
		81F63F9422C5F06B00D2FBC3 /* PreferenceViewControllerPlugin.swift in Sources */ = {isa = PBXBuildFile; fileRef = 81F63F5C22C5F06B00D2FBC3 /* PreferenceViewControllerPlugin.swift */; };
		81F63F9522C5F06B00D2FBC3 /* GoogleViewControllerPlugin.swift in Sources */ = {isa = PBXBuildFile; fileRef = 81F63F6022C5F06B00D2FBC3 /* GoogleViewControllerPlugin.swift */; };
		81F63F9622C5F06B00D2FBC3 /* ViewControllerFactoryPlugin.swift in Sources */ = {isa = PBXBuildFile; fileRef = 81F63F6222C5F06B00D2FBC3 /* ViewControllerFactoryPlugin.swift */; };
		81F63F9722C5F06B00D2FBC3 /* ViewControllerPlugin.swift in Sources */ = {isa = PBXBuildFile; fileRef = 81F63F6422C5F06B00D2FBC3 /* ViewControllerPlugin.swift */; };
		81F63F9822C5F06B00D2FBC3 /* PaymentViewControllerPlugin.swift in Sources */ = {isa = PBXBuildFile; fileRef = 81F63F6622C5F06B00D2FBC3 /* PaymentViewControllerPlugin.swift */; };
		81F63F9922C5F06B00D2FBC3 /* UnityiOSPlugin.mm in Sources */ = {isa = PBXBuildFile; fileRef = 81F63F6922C5F06B00D2FBC3 /* UnityiOSPlugin.mm */; };
		81F63F9A22C5F06B00D2FBC3 /* UnityiOSPluginAppController.mm in Sources */ = {isa = PBXBuildFile; fileRef = 81F63F6C22C5F06B00D2FBC3 /* UnityiOSPluginAppController.mm */; };
		81F63F9B22C5F06B00D2FBC3 /* LineServicePlugin.swift in Sources */ = {isa = PBXBuildFile; fileRef = 81F63F7222C5F06B00D2FBC3 /* LineServicePlugin.swift */; };
		81F63F9C22C5F06B00D2FBC3 /* TwitterServicePlugin.swift in Sources */ = {isa = PBXBuildFile; fileRef = 81F63F7422C5F06B00D2FBC3 /* TwitterServicePlugin.swift */; };
		81F63F9D22C5F06B00D2FBC3 /* FacebookServicePlugin.swift in Sources */ = {isa = PBXBuildFile; fileRef = 81F63F7522C5F06B00D2FBC3 /* FacebookServicePlugin.swift */; };
		81F63F9E22C5F06B00D2FBC3 /* GoogleServicePlugin.swift in Sources */ = {isa = PBXBuildFile; fileRef = 81F63F7A22C5F06B00D2FBC3 /* GoogleServicePlugin.swift */; };
		81F63F9F22C5F06B00D2FBC3 /* PaymentServicePlugin.swift in Sources */ = {isa = PBXBuildFile; fileRef = 81F63F7C22C5F06B00D2FBC3 /* PaymentServicePlugin.swift */; };
/* End PBXBuildFile section */

/* Begin PBXCopyFilesBuildPhase section */
		81BEC3F91E3632F400F66A52 /* CopyFiles */ = {
			isa = PBXCopyFilesBuildPhase;
			buildActionMask = 2147483647;
			dstPath = "include/$(PRODUCT_NAME)";
			dstSubfolderSpec = 16;
			files = (
			);
			runOnlyForDeploymentPostprocessing = 0;
		};
/* End PBXCopyFilesBuildPhase section */

/* Begin PBXFileReference section */
		81BEC3FB1E3632F400F66A52 /* libUnityiOSPlugin.a */ = {isa = PBXFileReference; explicitFileType = archive.ar; includeInIndex = 0; path = libUnityiOSPlugin.a; sourceTree = BUILT_PRODUCTS_DIR; };
		81F63F1722C5F06B00D2FBC3 /* UnityiOSPlugin.mm.meta */ = {isa = PBXFileReference; fileEncoding = 4; lastKnownFileType = text; path = UnityiOSPlugin.mm.meta; sourceTree = "<group>"; };
		81F63F1A22C5F06B00D2FBC3 /* DeviceTokenPlugin.swift */ = {isa = PBXFileReference; fileEncoding = 4; lastKnownFileType = sourcecode.swift; path = DeviceTokenPlugin.swift; sourceTree = "<group>"; };
		81F63F1B22C5F06B00D2FBC3 /* DeviceTokenPlugin.swift.meta */ = {isa = PBXFileReference; fileEncoding = 4; lastKnownFileType = text; path = DeviceTokenPlugin.swift.meta; sourceTree = "<group>"; };
		81F63F1C22C5F06B00D2FBC3 /* Identifier.meta */ = {isa = PBXFileReference; fileEncoding = 4; lastKnownFileType = text; path = Identifier.meta; sourceTree = "<group>"; };
		81F63F1D22C5F06B00D2FBC3 /* Preference.meta */ = {isa = PBXFileReference; fileEncoding = 4; lastKnownFileType = text; path = Preference.meta; sourceTree = "<group>"; };
		81F63F1E22C5F06B00D2FBC3 /* Extension.meta */ = {isa = PBXFileReference; fileEncoding = 4; lastKnownFileType = text; path = Extension.meta; sourceTree = "<group>"; };
		81F63F1F22C5F06B00D2FBC3 /* Environment.meta */ = {isa = PBXFileReference; fileEncoding = 4; lastKnownFileType = text; path = Environment.meta; sourceTree = "<group>"; };
		81F63F2122C5F06B00D2FBC3 /* String.swift */ = {isa = PBXFileReference; fileEncoding = 4; lastKnownFileType = sourcecode.swift; path = String.swift; sourceTree = "<group>"; };
		81F63F2222C5F06B00D2FBC3 /* String.swift.meta */ = {isa = PBXFileReference; fileEncoding = 4; lastKnownFileType = text; path = String.swift.meta; sourceTree = "<group>"; };
		81F63F2322C5F06B00D2FBC3 /* IO.meta */ = {isa = PBXFileReference; fileEncoding = 4; lastKnownFileType = text; path = IO.meta; sourceTree = "<group>"; };
		81F63F2522C5F06B00D2FBC3 /* PathPlugin.swift */ = {isa = PBXFileReference; fileEncoding = 4; lastKnownFileType = sourcecode.swift; path = PathPlugin.swift; sourceTree = "<group>"; };
		81F63F2622C5F06B00D2FBC3 /* PathPlugin.swift.meta */ = {isa = PBXFileReference; fileEncoding = 4; lastKnownFileType = text; path = PathPlugin.swift.meta; sourceTree = "<group>"; };
		81F63F2822C5F06B00D2FBC3 /* UnityiOSPluginAppDelegate.swift.meta */ = {isa = PBXFileReference; fileEncoding = 4; lastKnownFileType = text; path = UnityiOSPluginAppDelegate.swift.meta; sourceTree = "<group>"; };
		81F63F2922C5F06B00D2FBC3 /* UnityiOSPluginAppDelegate.swift */ = {isa = PBXFileReference; fileEncoding = 4; lastKnownFileType = sourcecode.swift; path = UnityiOSPluginAppDelegate.swift; sourceTree = "<group>"; };
		81F63F2A22C5F06B00D2FBC3 /* Delegate.meta */ = {isa = PBXFileReference; fileEncoding = 4; lastKnownFileType = text; path = Delegate.meta; sourceTree = "<group>"; };
		81F63F2C22C5F06B00D2FBC3 /* PreferencePlugin.swift.meta */ = {isa = PBXFileReference; fileEncoding = 4; lastKnownFileType = text; path = PreferencePlugin.swift.meta; sourceTree = "<group>"; };
		81F63F2D22C5F06B00D2FBC3 /* PreferencePlugin.swift */ = {isa = PBXFileReference; fileEncoding = 4; lastKnownFileType = sourcecode.swift; path = PreferencePlugin.swift; sourceTree = "<group>"; };
		81F63F2E22C5F06B00D2FBC3 /* Scene.meta */ = {isa = PBXFileReference; fileEncoding = 4; lastKnownFileType = text; path = Scene.meta; sourceTree = "<group>"; };
		81F63F3022C5F06B00D2FBC3 /* TagPlugin.swift.meta */ = {isa = PBXFileReference; fileEncoding = 4; lastKnownFileType = text; path = TagPlugin.swift.meta; sourceTree = "<group>"; };
		81F63F3122C5F06B00D2FBC3 /* TagPlugin.swift */ = {isa = PBXFileReference; fileEncoding = 4; lastKnownFileType = sourcecode.swift; path = TagPlugin.swift; sourceTree = "<group>"; };
		81F63F3322C5F06B00D2FBC3 /* VersionPlugin.swift */ = {isa = PBXFileReference; fileEncoding = 4; lastKnownFileType = sourcecode.swift; path = VersionPlugin.swift; sourceTree = "<group>"; };
		81F63F3422C5F06B00D2FBC3 /* VersionPlugin.swift.meta */ = {isa = PBXFileReference; fileEncoding = 4; lastKnownFileType = text; path = VersionPlugin.swift.meta; sourceTree = "<group>"; };
		81F63F3522C5F06B00D2FBC3 /* Token.meta */ = {isa = PBXFileReference; fileEncoding = 4; lastKnownFileType = text; path = Token.meta; sourceTree = "<group>"; };
		81F63F3722C5F06B00D2FBC3 /* TransitionPlugin.swift */ = {isa = PBXFileReference; fileEncoding = 4; lastKnownFileType = sourcecode.swift; path = TransitionPlugin.swift; sourceTree = "<group>"; };
		81F63F3822C5F06B00D2FBC3 /* TransitionPlugin.swift.meta */ = {isa = PBXFileReference; fileEncoding = 4; lastKnownFileType = text; path = TransitionPlugin.swift.meta; sourceTree = "<group>"; };
		81F63F3B22C5F06B00D2FBC3 /* BaseNotifierPlugin.swift */ = {isa = PBXFileReference; fileEncoding = 4; lastKnownFileType = sourcecode.swift; path = BaseNotifierPlugin.swift; sourceTree = "<group>"; };
		81F63F3C22C5F06B00D2FBC3 /* FCMNotifierPlugin.swift */ = {isa = PBXFileReference; fileEncoding = 4; lastKnownFileType = sourcecode.swift; path = FCMNotifierPlugin.swift; sourceTree = "<group>"; };
		81F63F3D22C5F06B00D2FBC3 /* LocalNotifierPlugin.swift */ = {isa = PBXFileReference; fileEncoding = 4; lastKnownFileType = sourcecode.swift; path = LocalNotifierPlugin.swift; sourceTree = "<group>"; };
		81F63F3E22C5F06B00D2FBC3 /* BaseNotifierPlugin.swift.meta */ = {isa = PBXFileReference; fileEncoding = 4; lastKnownFileType = text; path = BaseNotifierPlugin.swift.meta; sourceTree = "<group>"; };
		81F63F3F22C5F06B00D2FBC3 /* UnityNotifierPlugin.swift.meta */ = {isa = PBXFileReference; fileEncoding = 4; lastKnownFileType = text; path = UnityNotifierPlugin.swift.meta; sourceTree = "<group>"; };
		81F63F4022C5F06B00D2FBC3 /* UnityNotifierPlugin.swift */ = {isa = PBXFileReference; fileEncoding = 4; lastKnownFileType = sourcecode.swift; path = UnityNotifierPlugin.swift; sourceTree = "<group>"; };
		81F63F4122C5F06B00D2FBC3 /* RemoteNotifierPlugin.swift.meta */ = {isa = PBXFileReference; fileEncoding = 4; lastKnownFileType = text; path = RemoteNotifierPlugin.swift.meta; sourceTree = "<group>"; };
		81F63F4222C5F06B00D2FBC3 /* FCMNotifierPlugin.swift.meta */ = {isa = PBXFileReference; fileEncoding = 4; lastKnownFileType = text; path = FCMNotifierPlugin.swift.meta; sourceTree = "<group>"; };
		81F63F4322C5F06B00D2FBC3 /* RemoteNotifierPlugin.swift */ = {isa = PBXFileReference; fileEncoding = 4; lastKnownFileType = sourcecode.swift; path = RemoteNotifierPlugin.swift; sourceTree = "<group>"; };
		81F63F4422C5F06B00D2FBC3 /* LocalNotifierPlugin.swift.meta */ = {isa = PBXFileReference; fileEncoding = 4; lastKnownFileType = text; path = LocalNotifierPlugin.swift.meta; sourceTree = "<group>"; };
		81F63F4522C5F06B00D2FBC3 /* Notify.meta */ = {isa = PBXFileReference; fileEncoding = 4; lastKnownFileType = text; path = Notify.meta; sourceTree = "<group>"; };
		81F63F4622C5F06B00D2FBC3 /* ViewController.meta */ = {isa = PBXFileReference; fileEncoding = 4; lastKnownFileType = text; path = ViewController.meta; sourceTree = "<group>"; };
		81F63F4722C5F06B00D2FBC3 /* View.meta */ = {isa = PBXFileReference; fileEncoding = 4; lastKnownFileType = text; path = View.meta; sourceTree = "<group>"; };
		81F63F4922C5F06B00D2FBC3 /* AlertViewPlugin.swift.meta */ = {isa = PBXFileReference; fileEncoding = 4; lastKnownFileType = text; path = AlertViewPlugin.swift.meta; sourceTree = "<group>"; };
		81F63F4A22C5F06B00D2FBC3 /* WebViewPlugin.swift.meta */ = {isa = PBXFileReference; fileEncoding = 4; lastKnownFileType = text; path = WebViewPlugin.swift.meta; sourceTree = "<group>"; };
		81F63F4B22C5F06B00D2FBC3 /* ReviewViewPlugin.swift */ = {isa = PBXFileReference; fileEncoding = 4; lastKnownFileType = sourcecode.swift; path = ReviewViewPlugin.swift; sourceTree = "<group>"; };
		81F63F4C22C5F06B00D2FBC3 /* AlertViewPlugin.swift */ = {isa = PBXFileReference; fileEncoding = 4; lastKnownFileType = sourcecode.swift; path = AlertViewPlugin.swift; sourceTree = "<group>"; };
		81F63F4D22C5F06B00D2FBC3 /* WebViewPlugin.swift */ = {isa = PBXFileReference; fileEncoding = 4; lastKnownFileType = sourcecode.swift; path = WebViewPlugin.swift; sourceTree = "<group>"; };
		81F63F4E22C5F06B00D2FBC3 /* ReviewViewPlugin.swift.meta */ = {isa = PBXFileReference; fileEncoding = 4; lastKnownFileType = text; path = ReviewViewPlugin.swift.meta; sourceTree = "<group>"; };
		81F63F4F22C5F06B00D2FBC3 /* IndicatorViewPlugin.swift */ = {isa = PBXFileReference; fileEncoding = 4; lastKnownFileType = sourcecode.swift; path = IndicatorViewPlugin.swift; sourceTree = "<group>"; };
		81F63F5022C5F06B00D2FBC3 /* CameraViewPlugin.swift.meta */ = {isa = PBXFileReference; fileEncoding = 4; lastKnownFileType = text; path = CameraViewPlugin.swift.meta; sourceTree = "<group>"; };
		81F63F5122C5F06B00D2FBC3 /* CameraViewPlugin.swift */ = {isa = PBXFileReference; fileEncoding = 4; lastKnownFileType = sourcecode.swift; path = CameraViewPlugin.swift; sourceTree = "<group>"; };
		81F63F5222C5F06B00D2FBC3 /* IndicatorViewPlugin.swift.meta */ = {isa = PBXFileReference; fileEncoding = 4; lastKnownFileType = text; path = IndicatorViewPlugin.swift.meta; sourceTree = "<group>"; };
		81F63F5422C5F06B00D2FBC3 /* Sns.meta */ = {isa = PBXFileReference; fileEncoding = 4; lastKnownFileType = text; path = Sns.meta; sourceTree = "<group>"; };
		81F63F5622C5F06B00D2FBC3 /* TwitterViewControllerPlugin.swift.meta */ = {isa = PBXFileReference; fileEncoding = 4; lastKnownFileType = text; path = TwitterViewControllerPlugin.swift.meta; sourceTree = "<group>"; };
		81F63F5722C5F06B00D2FBC3 /* FacebookViewControllerPlugin.swift.meta */ = {isa = PBXFileReference; fileEncoding = 4; lastKnownFileType = text; path = FacebookViewControllerPlugin.swift.meta; sourceTree = "<group>"; };
		81F63F5822C5F06B00D2FBC3 /* LineViewControllerPlugin.swift */ = {isa = PBXFileReference; fileEncoding = 4; lastKnownFileType = sourcecode.swift; path = LineViewControllerPlugin.swift; sourceTree = "<group>"; };
		81F63F5922C5F06B00D2FBC3 /* LineViewControllerPlugin.swift.meta */ = {isa = PBXFileReference; fileEncoding = 4; lastKnownFileType = text; path = LineViewControllerPlugin.swift.meta; sourceTree = "<group>"; };
		81F63F5A22C5F06B00D2FBC3 /* FacebookViewControllerPlugin.swift */ = {isa = PBXFileReference; fileEncoding = 4; lastKnownFileType = sourcecode.swift; path = FacebookViewControllerPlugin.swift; sourceTree = "<group>"; };
		81F63F5B22C5F06B00D2FBC3 /* TwitterViewControllerPlugin.swift */ = {isa = PBXFileReference; fileEncoding = 4; lastKnownFileType = sourcecode.swift; path = TwitterViewControllerPlugin.swift; sourceTree = "<group>"; };
		81F63F5C22C5F06B00D2FBC3 /* PreferenceViewControllerPlugin.swift */ = {isa = PBXFileReference; fileEncoding = 4; lastKnownFileType = sourcecode.swift; path = PreferenceViewControllerPlugin.swift; sourceTree = "<group>"; };
		81F63F5D22C5F06B00D2FBC3 /* PaymentViewControllerPlugin.swift.meta */ = {isa = PBXFileReference; fileEncoding = 4; lastKnownFileType = text; path = PaymentViewControllerPlugin.swift.meta; sourceTree = "<group>"; };
		81F63F5F22C5F06B00D2FBC3 /* GoogleViewControllerPlugin.swift.meta */ = {isa = PBXFileReference; fileEncoding = 4; lastKnownFileType = text; path = GoogleViewControllerPlugin.swift.meta; sourceTree = "<group>"; };
		81F63F6022C5F06B00D2FBC3 /* GoogleViewControllerPlugin.swift */ = {isa = PBXFileReference; fileEncoding = 4; lastKnownFileType = sourcecode.swift; path = GoogleViewControllerPlugin.swift; sourceTree = "<group>"; };
		81F63F6122C5F06B00D2FBC3 /* ViewControllerPlugin.swift.meta */ = {isa = PBXFileReference; fileEncoding = 4; lastKnownFileType = text; path = ViewControllerPlugin.swift.meta; sourceTree = "<group>"; };
		81F63F6222C5F06B00D2FBC3 /* ViewControllerFactoryPlugin.swift */ = {isa = PBXFileReference; fileEncoding = 4; lastKnownFileType = sourcecode.swift; path = ViewControllerFactoryPlugin.swift; sourceTree = "<group>"; };
		81F63F6322C5F06B00D2FBC3 /* PreferenceViewControllerPlugin.swift.meta */ = {isa = PBXFileReference; fileEncoding = 4; lastKnownFileType = text; path = PreferenceViewControllerPlugin.swift.meta; sourceTree = "<group>"; };
		81F63F6422C5F06B00D2FBC3 /* ViewControllerPlugin.swift */ = {isa = PBXFileReference; fileEncoding = 4; lastKnownFileType = sourcecode.swift; path = ViewControllerPlugin.swift; sourceTree = "<group>"; };
		81F63F6522C5F06B00D2FBC3 /* Platform.meta */ = {isa = PBXFileReference; fileEncoding = 4; lastKnownFileType = text; path = Platform.meta; sourceTree = "<group>"; };
		81F63F6622C5F06B00D2FBC3 /* PaymentViewControllerPlugin.swift */ = {isa = PBXFileReference; fileEncoding = 4; lastKnownFileType = sourcecode.swift; path = PaymentViewControllerPlugin.swift; sourceTree = "<group>"; };
		81F63F6722C5F06B00D2FBC3 /* ViewControllerFactoryPlugin.swift.meta */ = {isa = PBXFileReference; fileEncoding = 4; lastKnownFileType = text; path = ViewControllerFactoryPlugin.swift.meta; sourceTree = "<group>"; };
		81F63F6822C5F06B00D2FBC3 /* UnityiOSPluginAppController.mm.meta */ = {isa = PBXFileReference; fileEncoding = 4; lastKnownFileType = text; path = UnityiOSPluginAppController.mm.meta; sourceTree = "<group>"; };
		81F63F6922C5F06B00D2FBC3 /* UnityiOSPlugin.mm */ = {isa = PBXFileReference; fileEncoding = 4; lastKnownFileType = sourcecode.cpp.objcpp; path = UnityiOSPlugin.mm; sourceTree = "<group>"; };
		81F63F6A22C5F06B00D2FBC3 /* Core.meta */ = {isa = PBXFileReference; fileEncoding = 4; lastKnownFileType = text; path = Core.meta; sourceTree = "<group>"; };
		81F63F6B22C5F06B00D2FBC3 /* UnityiOSPlugin.h */ = {isa = PBXFileReference; fileEncoding = 4; lastKnownFileType = sourcecode.c.h; path = UnityiOSPlugin.h; sourceTree = "<group>"; };
		81F63F6C22C5F06B00D2FBC3 /* UnityiOSPluginAppController.mm */ = {isa = PBXFileReference; fileEncoding = 4; lastKnownFileType = sourcecode.cpp.objcpp; path = UnityiOSPluginAppController.mm; sourceTree = "<group>"; };
		81F63F6D22C5F06B00D2FBC3 /* Service.meta */ = {isa = PBXFileReference; fileEncoding = 4; lastKnownFileType = text; path = Service.meta; sourceTree = "<group>"; };
		81F63F6E22C5F06B00D2FBC3 /* Frontend.meta */ = {isa = PBXFileReference; fileEncoding = 4; lastKnownFileType = text; path = Frontend.meta; sourceTree = "<group>"; };
		81F63F7022C5F06B00D2FBC3 /* Sns.meta */ = {isa = PBXFileReference; fileEncoding = 4; lastKnownFileType = text; path = Sns.meta; sourceTree = "<group>"; };
		81F63F7222C5F06B00D2FBC3 /* LineServicePlugin.swift */ = {isa = PBXFileReference; fileEncoding = 4; lastKnownFileType = sourcecode.swift; path = LineServicePlugin.swift; sourceTree = "<group>"; };
		81F63F7322C5F06B00D2FBC3 /* LineServicePlugin.swift.meta */ = {isa = PBXFileReference; fileEncoding = 4; lastKnownFileType = text; path = LineServicePlugin.swift.meta; sourceTree = "<group>"; };
		81F63F7422C5F06B00D2FBC3 /* TwitterServicePlugin.swift */ = {isa = PBXFileReference; fileEncoding = 4; lastKnownFileType = sourcecode.swift; path = TwitterServicePlugin.swift; sourceTree = "<group>"; };
		81F63F7522C5F06B00D2FBC3 /* FacebookServicePlugin.swift */ = {isa = PBXFileReference; fileEncoding = 4; lastKnownFileType = sourcecode.swift; path = FacebookServicePlugin.swift; sourceTree = "<group>"; };
		81F63F7622C5F06B00D2FBC3 /* FacebookServicePlugin.swift.meta */ = {isa = PBXFileReference; fileEncoding = 4; lastKnownFileType = text; path = FacebookServicePlugin.swift.meta; sourceTree = "<group>"; };
		81F63F7722C5F06B00D2FBC3 /* TwitterServicePlugin.swift.meta */ = {isa = PBXFileReference; fileEncoding = 4; lastKnownFileType = text; path = TwitterServicePlugin.swift.meta; sourceTree = "<group>"; };
		81F63F7922C5F06B00D2FBC3 /* GoogleServicePlugin.swift.meta */ = {isa = PBXFileReference; fileEncoding = 4; lastKnownFileType = text; path = GoogleServicePlugin.swift.meta; sourceTree = "<group>"; };
		81F63F7A22C5F06B00D2FBC3 /* GoogleServicePlugin.swift */ = {isa = PBXFileReference; fileEncoding = 4; lastKnownFileType = sourcecode.swift; path = GoogleServicePlugin.swift; sourceTree = "<group>"; };
		81F63F7B22C5F06B00D2FBC3 /* Platform.meta */ = {isa = PBXFileReference; fileEncoding = 4; lastKnownFileType = text; path = Platform.meta; sourceTree = "<group>"; };
		81F63F7C22C5F06B00D2FBC3 /* PaymentServicePlugin.swift */ = {isa = PBXFileReference; fileEncoding = 4; lastKnownFileType = sourcecode.swift; path = PaymentServicePlugin.swift; sourceTree = "<group>"; };
		81F63F7D22C5F06B00D2FBC3 /* PaymentServicePlugin.swift.meta */ = {isa = PBXFileReference; fileEncoding = 4; lastKnownFileType = text; path = PaymentServicePlugin.swift.meta; sourceTree = "<group>"; };
		81F63F7E22C5F06B00D2FBC3 /* UnityiOSPlugin.h.meta */ = {isa = PBXFileReference; fileEncoding = 4; lastKnownFileType = text; path = UnityiOSPlugin.h.meta; sourceTree = "<group>"; };
/* End PBXFileReference section */

/* Begin PBXFrameworksBuildPhase section */
		81BEC3F81E3632F400F66A52 /* Frameworks */ = {
			isa = PBXFrameworksBuildPhase;
			buildActionMask = 2147483647;
			files = (
			);
			runOnlyForDeploymentPostprocessing = 0;
		};
/* End PBXFrameworksBuildPhase section */

/* Begin PBXGroup section */
		81BEC3F21E3632F400F66A52 = {
			isa = PBXGroup;
			children = (
				81F63F1622C5F06B00D2FBC3 /* src */,
				81BEC3FC1E3632F400F66A52 /* Products */,
			);
			sourceTree = "<group>";
		};
		81BEC3FC1E3632F400F66A52 /* Products */ = {
			isa = PBXGroup;
			children = (
				81BEC3FB1E3632F400F66A52 /* libUnityiOSPlugin.a */,
			);
			name = Products;
			sourceTree = "<group>";
		};
		81F63F1622C5F06B00D2FBC3 /* src */ = {
			isa = PBXGroup;
			children = (
				81F63F1722C5F06B00D2FBC3 /* UnityiOSPlugin.mm.meta */,
				81F63F1822C5F06B00D2FBC3 /* Core */,
				81F63F3922C5F06B00D2FBC3 /* Frontend */,
				81F63F6822C5F06B00D2FBC3 /* UnityiOSPluginAppController.mm.meta */,
				81F63F6922C5F06B00D2FBC3 /* UnityiOSPlugin.mm */,
				81F63F6A22C5F06B00D2FBC3 /* Core.meta */,
				81F63F6B22C5F06B00D2FBC3 /* UnityiOSPlugin.h */,
				81F63F6C22C5F06B00D2FBC3 /* UnityiOSPluginAppController.mm */,
				81F63F6D22C5F06B00D2FBC3 /* Service.meta */,
				81F63F6E22C5F06B00D2FBC3 /* Frontend.meta */,
				81F63F6F22C5F06B00D2FBC3 /* Service */,
				81F63F7E22C5F06B00D2FBC3 /* UnityiOSPlugin.h.meta */,
			);
			path = src;
			sourceTree = "<group>";
		};
		81F63F1822C5F06B00D2FBC3 /* Core */ = {
			isa = PBXGroup;
			children = (
				81F63F1922C5F06B00D2FBC3 /* Token */,
				81F63F1C22C5F06B00D2FBC3 /* Identifier.meta */,
				81F63F1D22C5F06B00D2FBC3 /* Preference.meta */,
				81F63F1E22C5F06B00D2FBC3 /* Extension.meta */,
				81F63F1F22C5F06B00D2FBC3 /* Environment.meta */,
				81F63F2022C5F06B00D2FBC3 /* Extension */,
				81F63F2322C5F06B00D2FBC3 /* IO.meta */,
				81F63F2422C5F06B00D2FBC3 /* IO */,
				81F63F2722C5F06B00D2FBC3 /* Delegate */,
				81F63F2A22C5F06B00D2FBC3 /* Delegate.meta */,
				81F63F2B22C5F06B00D2FBC3 /* Preference */,
				81F63F2E22C5F06B00D2FBC3 /* Scene.meta */,
				81F63F2F22C5F06B00D2FBC3 /* Identifier */,
				81F63F3222C5F06B00D2FBC3 /* Environment */,
				81F63F3522C5F06B00D2FBC3 /* Token.meta */,
				81F63F3622C5F06B00D2FBC3 /* Scene */,
			);
			path = Core;
			sourceTree = "<group>";
		};
		81F63F1922C5F06B00D2FBC3 /* Token */ = {
			isa = PBXGroup;
			children = (
				81F63F1A22C5F06B00D2FBC3 /* DeviceTokenPlugin.swift */,
				81F63F1B22C5F06B00D2FBC3 /* DeviceTokenPlugin.swift.meta */,
			);
			path = Token;
			sourceTree = "<group>";
		};
		81F63F2022C5F06B00D2FBC3 /* Extension */ = {
			isa = PBXGroup;
			children = (
				81F63F2122C5F06B00D2FBC3 /* String.swift */,
				81F63F2222C5F06B00D2FBC3 /* String.swift.meta */,
			);
			path = Extension;
			sourceTree = "<group>";
		};
		81F63F2422C5F06B00D2FBC3 /* IO */ = {
			isa = PBXGroup;
			children = (
				81F63F2522C5F06B00D2FBC3 /* PathPlugin.swift */,
				81F63F2622C5F06B00D2FBC3 /* PathPlugin.swift.meta */,
			);
			path = IO;
			sourceTree = "<group>";
		};
		81F63F2722C5F06B00D2FBC3 /* Delegate */ = {
			isa = PBXGroup;
			children = (
				81F63F2822C5F06B00D2FBC3 /* UnityiOSPluginAppDelegate.swift.meta */,
				81F63F2922C5F06B00D2FBC3 /* UnityiOSPluginAppDelegate.swift */,
			);
			path = Delegate;
			sourceTree = "<group>";
		};
		81F63F2B22C5F06B00D2FBC3 /* Preference */ = {
			isa = PBXGroup;
			children = (
				81F63F2C22C5F06B00D2FBC3 /* PreferencePlugin.swift.meta */,
				81F63F2D22C5F06B00D2FBC3 /* PreferencePlugin.swift */,
			);
			path = Preference;
			sourceTree = "<group>";
		};
		81F63F2F22C5F06B00D2FBC3 /* Identifier */ = {
			isa = PBXGroup;
			children = (
				81F63F3022C5F06B00D2FBC3 /* TagPlugin.swift.meta */,
				81F63F3122C5F06B00D2FBC3 /* TagPlugin.swift */,
			);
			path = Identifier;
			sourceTree = "<group>";
		};
		81F63F3222C5F06B00D2FBC3 /* Environment */ = {
			isa = PBXGroup;
			children = (
				81F63F3322C5F06B00D2FBC3 /* VersionPlugin.swift */,
				81F63F3422C5F06B00D2FBC3 /* VersionPlugin.swift.meta */,
			);
			path = Environment;
			sourceTree = "<group>";
		};
		81F63F3622C5F06B00D2FBC3 /* Scene */ = {
			isa = PBXGroup;
			children = (
				81F63F3722C5F06B00D2FBC3 /* TransitionPlugin.swift */,
				81F63F3822C5F06B00D2FBC3 /* TransitionPlugin.swift.meta */,
			);
			path = Scene;
			sourceTree = "<group>";
		};
		81F63F3922C5F06B00D2FBC3 /* Frontend */ = {
			isa = PBXGroup;
			children = (
				81F63F3A22C5F06B00D2FBC3 /* Notify */,
				81F63F4522C5F06B00D2FBC3 /* Notify.meta */,
				81F63F4622C5F06B00D2FBC3 /* ViewController.meta */,
				81F63F4722C5F06B00D2FBC3 /* View.meta */,
				81F63F4822C5F06B00D2FBC3 /* View */,
				81F63F5322C5F06B00D2FBC3 /* ViewController */,
			);
			path = Frontend;
			sourceTree = "<group>";
		};
		81F63F3A22C5F06B00D2FBC3 /* Notify */ = {
			isa = PBXGroup;
			children = (
				81F63F3B22C5F06B00D2FBC3 /* BaseNotifierPlugin.swift */,
				81F63F3C22C5F06B00D2FBC3 /* FCMNotifierPlugin.swift */,
				81F63F3D22C5F06B00D2FBC3 /* LocalNotifierPlugin.swift */,
				81F63F3E22C5F06B00D2FBC3 /* BaseNotifierPlugin.swift.meta */,
				81F63F3F22C5F06B00D2FBC3 /* UnityNotifierPlugin.swift.meta */,
				81F63F4022C5F06B00D2FBC3 /* UnityNotifierPlugin.swift */,
				81F63F4122C5F06B00D2FBC3 /* RemoteNotifierPlugin.swift.meta */,
				81F63F4222C5F06B00D2FBC3 /* FCMNotifierPlugin.swift.meta */,
				81F63F4322C5F06B00D2FBC3 /* RemoteNotifierPlugin.swift */,
				81F63F4422C5F06B00D2FBC3 /* LocalNotifierPlugin.swift.meta */,
			);
			path = Notify;
			sourceTree = "<group>";
		};
		81F63F4822C5F06B00D2FBC3 /* View */ = {
			isa = PBXGroup;
			children = (
				81F63F4922C5F06B00D2FBC3 /* AlertViewPlugin.swift.meta */,
				81F63F4A22C5F06B00D2FBC3 /* WebViewPlugin.swift.meta */,
				81F63F4B22C5F06B00D2FBC3 /* ReviewViewPlugin.swift */,
				81F63F4C22C5F06B00D2FBC3 /* AlertViewPlugin.swift */,
				81F63F4D22C5F06B00D2FBC3 /* WebViewPlugin.swift */,
				81F63F4E22C5F06B00D2FBC3 /* ReviewViewPlugin.swift.meta */,
				81F63F4F22C5F06B00D2FBC3 /* IndicatorViewPlugin.swift */,
				81F63F5022C5F06B00D2FBC3 /* CameraViewPlugin.swift.meta */,
				81F63F5122C5F06B00D2FBC3 /* CameraViewPlugin.swift */,
				81F63F5222C5F06B00D2FBC3 /* IndicatorViewPlugin.swift.meta */,
			);
			path = View;
			sourceTree = "<group>";
		};
		81F63F5322C5F06B00D2FBC3 /* ViewController */ = {
			isa = PBXGroup;
			children = (
				81F63F5422C5F06B00D2FBC3 /* Sns.meta */,
				81F63F5522C5F06B00D2FBC3 /* Sns */,
				81F63F5C22C5F06B00D2FBC3 /* PreferenceViewControllerPlugin.swift */,
				81F63F5D22C5F06B00D2FBC3 /* PaymentViewControllerPlugin.swift.meta */,
				81F63F5E22C5F06B00D2FBC3 /* Platform */,
				81F63F6122C5F06B00D2FBC3 /* ViewControllerPlugin.swift.meta */,
				81F63F6222C5F06B00D2FBC3 /* ViewControllerFactoryPlugin.swift */,
				81F63F6322C5F06B00D2FBC3 /* PreferenceViewControllerPlugin.swift.meta */,
				81F63F6422C5F06B00D2FBC3 /* ViewControllerPlugin.swift */,
				81F63F6522C5F06B00D2FBC3 /* Platform.meta */,
				81F63F6622C5F06B00D2FBC3 /* PaymentViewControllerPlugin.swift */,
				81F63F6722C5F06B00D2FBC3 /* ViewControllerFactoryPlugin.swift.meta */,
			);
			path = ViewController;
			sourceTree = "<group>";
		};
		81F63F5522C5F06B00D2FBC3 /* Sns */ = {
			isa = PBXGroup;
			children = (
				81F63F5622C5F06B00D2FBC3 /* TwitterViewControllerPlugin.swift.meta */,
				81F63F5722C5F06B00D2FBC3 /* FacebookViewControllerPlugin.swift.meta */,
				81F63F5822C5F06B00D2FBC3 /* LineViewControllerPlugin.swift */,
				81F63F5922C5F06B00D2FBC3 /* LineViewControllerPlugin.swift.meta */,
				81F63F5A22C5F06B00D2FBC3 /* FacebookViewControllerPlugin.swift */,
				81F63F5B22C5F06B00D2FBC3 /* TwitterViewControllerPlugin.swift */,
			);
			path = Sns;
			sourceTree = "<group>";
		};
		81F63F5E22C5F06B00D2FBC3 /* Platform */ = {
			isa = PBXGroup;
			children = (
				81F63F5F22C5F06B00D2FBC3 /* GoogleViewControllerPlugin.swift.meta */,
				81F63F6022C5F06B00D2FBC3 /* GoogleViewControllerPlugin.swift */,
			);
			path = Platform;
			sourceTree = "<group>";
		};
		81F63F6F22C5F06B00D2FBC3 /* Service */ = {
			isa = PBXGroup;
			children = (
				81F63F7022C5F06B00D2FBC3 /* Sns.meta */,
				81F63F7122C5F06B00D2FBC3 /* Sns */,
				81F63F7822C5F06B00D2FBC3 /* Platform */,
				81F63F7B22C5F06B00D2FBC3 /* Platform.meta */,
				81F63F7C22C5F06B00D2FBC3 /* PaymentServicePlugin.swift */,
				81F63F7D22C5F06B00D2FBC3 /* PaymentServicePlugin.swift.meta */,
			);
			path = Service;
			sourceTree = "<group>";
		};
		81F63F7122C5F06B00D2FBC3 /* Sns */ = {
			isa = PBXGroup;
			children = (
				81F63F7222C5F06B00D2FBC3 /* LineServicePlugin.swift */,
				81F63F7322C5F06B00D2FBC3 /* LineServicePlugin.swift.meta */,
				81F63F7422C5F06B00D2FBC3 /* TwitterServicePlugin.swift */,
				81F63F7522C5F06B00D2FBC3 /* FacebookServicePlugin.swift */,
				81F63F7622C5F06B00D2FBC3 /* FacebookServicePlugin.swift.meta */,
				81F63F7722C5F06B00D2FBC3 /* TwitterServicePlugin.swift.meta */,
			);
			path = Sns;
			sourceTree = "<group>";
		};
		81F63F7822C5F06B00D2FBC3 /* Platform */ = {
			isa = PBXGroup;
			children = (
				81F63F7922C5F06B00D2FBC3 /* GoogleServicePlugin.swift.meta */,
				81F63F7A22C5F06B00D2FBC3 /* GoogleServicePlugin.swift */,
			);
			path = Platform;
			sourceTree = "<group>";
		};
/* End PBXGroup section */

/* Begin PBXNativeTarget section */
		81BEC3FA1E3632F400F66A52 /* UnityiOSPlugin */ = {
			isa = PBXNativeTarget;
			buildConfigurationList = 81BEC4041E3632F400F66A52 /* Build configuration list for PBXNativeTarget "UnityiOSPlugin" */;
			buildPhases = (
				81BEC3F71E3632F400F66A52 /* Sources */,
				81BEC3F81E3632F400F66A52 /* Frameworks */,
				81BEC3F91E3632F400F66A52 /* CopyFiles */,
			);
			buildRules = (
			);
			dependencies = (
			);
			name = UnityiOSPlugin;
			productName = UnityiOSPlugin;
			productReference = 81BEC3FB1E3632F400F66A52 /* libUnityiOSPlugin.a */;
			productType = "com.apple.product-type.library.static";
		};
/* End PBXNativeTarget section */

/* Begin PBXProject section */
		81BEC3F31E3632F400F66A52 /* Project object */ = {
			isa = PBXProject;
			attributes = {
				LastUpgradeCheck = 0820;
				ORGANIZATIONNAME = "柾本 耕太郎";
				TargetAttributes = {
					81BEC3FA1E3632F400F66A52 = {
						CreatedOnToolsVersion = 8.2.1;
						DevelopmentTeam = C9V674GA4T;
						ProvisioningStyle = Automatic;
					};
				};
			};
			buildConfigurationList = 81BEC3F61E3632F400F66A52 /* Build configuration list for PBXProject "UnityiOSPlugin" */;
			compatibilityVersion = "Xcode 3.2";
			developmentRegion = English;
			hasScannedForEncodings = 0;
			knownRegions = (
				en,
			);
			mainGroup = 81BEC3F21E3632F400F66A52;
			productRefGroup = 81BEC3FC1E3632F400F66A52 /* Products */;
			projectDirPath = "";
			projectRoot = "";
			targets = (
				81BEC3FA1E3632F400F66A52 /* UnityiOSPlugin */,
			);
		};
/* End PBXProject section */

/* Begin PBXSourcesBuildPhase section */
		81BEC3F71E3632F400F66A52 /* Sources */ = {
			isa = PBXSourcesBuildPhase;
			buildActionMask = 2147483647;
			files = (
				81F63F9022C5F06B00D2FBC3 /* CameraViewPlugin.swift in Sources */,
				81F63F9522C5F06B00D2FBC3 /* GoogleViewControllerPlugin.swift in Sources */,
				81F63F8B22C5F06B00D2FBC3 /* RemoteNotifierPlugin.swift in Sources */,
				81F63F8A22C5F06B00D2FBC3 /* UnityNotifierPlugin.swift in Sources */,
				81F63F8522C5F06B00D2FBC3 /* VersionPlugin.swift in Sources */,
				81F63F8C22C5F06B00D2FBC3 /* ReviewViewPlugin.swift in Sources */,
				81F63F9B22C5F06B00D2FBC3 /* LineServicePlugin.swift in Sources */,
				81F63F8D22C5F06B00D2FBC3 /* AlertViewPlugin.swift in Sources */,
				81F63F8022C5F06B00D2FBC3 /* String.swift in Sources */,
				81F63F9322C5F06B00D2FBC3 /* TwitterViewControllerPlugin.swift in Sources */,
				81F63F8E22C5F06B00D2FBC3 /* WebViewPlugin.swift in Sources */,
				81F63F8322C5F06B00D2FBC3 /* PreferencePlugin.swift in Sources */,
				81F63F9C22C5F06B00D2FBC3 /* TwitterServicePlugin.swift in Sources */,
				81F63F8622C5F06B00D2FBC3 /* TransitionPlugin.swift in Sources */,
				81F63F8722C5F06B00D2FBC3 /* BaseNotifierPlugin.swift in Sources */,
				81F63F8222C5F06B00D2FBC3 /* UnityiOSPluginAppDelegate.swift in Sources */,
				81F63F9A22C5F06B00D2FBC3 /* UnityiOSPluginAppController.mm in Sources */,
				81F63F9E22C5F06B00D2FBC3 /* GoogleServicePlugin.swift in Sources */,
				81F63F9622C5F06B00D2FBC3 /* ViewControllerFactoryPlugin.swift in Sources */,
				81F63F8F22C5F06B00D2FBC3 /* IndicatorViewPlugin.swift in Sources */,
				81F63F9822C5F06B00D2FBC3 /* PaymentViewControllerPlugin.swift in Sources */,
				81F63F9D22C5F06B00D2FBC3 /* FacebookServicePlugin.swift in Sources */,
				81F63F8122C5F06B00D2FBC3 /* PathPlugin.swift in Sources */,
				81F63F9F22C5F06B00D2FBC3 /* PaymentServicePlugin.swift in Sources */,
				81F63F7F22C5F06B00D2FBC3 /* DeviceTokenPlugin.swift in Sources */,
				81F63F8922C5F06B00D2FBC3 /* LocalNotifierPlugin.swift in Sources */,
				81F63F8422C5F06B00D2FBC3 /* TagPlugin.swift in Sources */,
				81F63F9922C5F06B00D2FBC3 /* UnityiOSPlugin.mm in Sources */,
				81F63F9422C5F06B00D2FBC3 /* PreferenceViewControllerPlugin.swift in Sources */,
				81F63F9222C5F06B00D2FBC3 /* FacebookViewControllerPlugin.swift in Sources */,
				81F63F9122C5F06B00D2FBC3 /* LineViewControllerPlugin.swift in Sources */,
				81F63F8822C5F06B00D2FBC3 /* FCMNotifierPlugin.swift in Sources */,
				81F63F9722C5F06B00D2FBC3 /* ViewControllerPlugin.swift in Sources */,
			);
			runOnlyForDeploymentPostprocessing = 0;
		};
/* End PBXSourcesBuildPhase section */

/* Begin XCBuildConfiguration section */
		81BEC4021E3632F400F66A52 /* Debug */ = {
			isa = XCBuildConfiguration;
			buildSettings = {
				ALWAYS_SEARCH_USER_PATHS = NO;
				CLANG_ANALYZER_NONNULL = YES;
				CLANG_CXX_LANGUAGE_STANDARD = "gnu++0x";
				CLANG_CXX_LIBRARY = "libc++";
				CLANG_ENABLE_MODULES = YES;
				CLANG_ENABLE_OBJC_ARC = YES;
				CLANG_WARN_BOOL_CONVERSION = YES;
				CLANG_WARN_CONSTANT_CONVERSION = YES;
				CLANG_WARN_DIRECT_OBJC_ISA_USAGE = YES_ERROR;
				CLANG_WARN_DOCUMENTATION_COMMENTS = YES;
				CLANG_WARN_EMPTY_BODY = YES;
				CLANG_WARN_ENUM_CONVERSION = YES;
				CLANG_WARN_INFINITE_RECURSION = YES;
				CLANG_WARN_INT_CONVERSION = YES;
				CLANG_WARN_OBJC_ROOT_CLASS = YES_ERROR;
				CLANG_WARN_SUSPICIOUS_MOVE = YES;
				CLANG_WARN_UNREACHABLE_CODE = YES;
				CLANG_WARN__DUPLICATE_METHOD_MATCH = YES;
				"CODE_SIGN_IDENTITY[sdk=iphoneos*]" = "iPhone Developer";
				COPY_PHASE_STRIP = NO;
				DEBUG_INFORMATION_FORMAT = dwarf;
				ENABLE_STRICT_OBJC_MSGSEND = YES;
				ENABLE_TESTABILITY = YES;
				GCC_C_LANGUAGE_STANDARD = gnu99;
				GCC_DYNAMIC_NO_PIC = NO;
				GCC_NO_COMMON_BLOCKS = YES;
				GCC_OPTIMIZATION_LEVEL = 0;
				GCC_PREPROCESSOR_DEFINITIONS = (
					"DEBUG=1",
					"$(inherited)",
				);
				GCC_WARN_64_TO_32_BIT_CONVERSION = YES;
				GCC_WARN_ABOUT_RETURN_TYPE = YES_ERROR;
				GCC_WARN_UNDECLARED_SELECTOR = YES;
				GCC_WARN_UNINITIALIZED_AUTOS = YES_AGGRESSIVE;
				GCC_WARN_UNUSED_FUNCTION = YES;
				GCC_WARN_UNUSED_VARIABLE = YES;
				IPHONEOS_DEPLOYMENT_TARGET = 10.2;
				MTL_ENABLE_DEBUG_INFO = YES;
				ONLY_ACTIVE_ARCH = YES;
				SDKROOT = iphoneos;
			};
			name = Debug;
		};
		81BEC4031E3632F400F66A52 /* Release */ = {
			isa = XCBuildConfiguration;
			buildSettings = {
				ALWAYS_SEARCH_USER_PATHS = NO;
				CLANG_ANALYZER_NONNULL = YES;
				CLANG_CXX_LANGUAGE_STANDARD = "gnu++0x";
				CLANG_CXX_LIBRARY = "libc++";
				CLANG_ENABLE_MODULES = YES;
				CLANG_ENABLE_OBJC_ARC = YES;
				CLANG_WARN_BOOL_CONVERSION = YES;
				CLANG_WARN_CONSTANT_CONVERSION = YES;
				CLANG_WARN_DIRECT_OBJC_ISA_USAGE = YES_ERROR;
				CLANG_WARN_DOCUMENTATION_COMMENTS = YES;
				CLANG_WARN_EMPTY_BODY = YES;
				CLANG_WARN_ENUM_CONVERSION = YES;
				CLANG_WARN_INFINITE_RECURSION = YES;
				CLANG_WARN_INT_CONVERSION = YES;
				CLANG_WARN_OBJC_ROOT_CLASS = YES_ERROR;
				CLANG_WARN_SUSPICIOUS_MOVE = YES;
				CLANG_WARN_UNREACHABLE_CODE = YES;
				CLANG_WARN__DUPLICATE_METHOD_MATCH = YES;
				"CODE_SIGN_IDENTITY[sdk=iphoneos*]" = "iPhone Developer";
				COPY_PHASE_STRIP = NO;
				DEBUG_INFORMATION_FORMAT = "dwarf-with-dsym";
				ENABLE_NS_ASSERTIONS = NO;
				ENABLE_STRICT_OBJC_MSGSEND = YES;
				GCC_C_LANGUAGE_STANDARD = gnu99;
				GCC_NO_COMMON_BLOCKS = YES;
				GCC_WARN_64_TO_32_BIT_CONVERSION = YES;
				GCC_WARN_ABOUT_RETURN_TYPE = YES_ERROR;
				GCC_WARN_UNDECLARED_SELECTOR = YES;
				GCC_WARN_UNINITIALIZED_AUTOS = YES_AGGRESSIVE;
				GCC_WARN_UNUSED_FUNCTION = YES;
				GCC_WARN_UNUSED_VARIABLE = YES;
				IPHONEOS_DEPLOYMENT_TARGET = 10.2;
				MTL_ENABLE_DEBUG_INFO = NO;
				SDKROOT = iphoneos;
				VALIDATE_PRODUCT = YES;
			};
			name = Release;
		};
		81BEC4051E3632F400F66A52 /* Debug */ = {
			isa = XCBuildConfiguration;
			buildSettings = {
				DEVELOPMENT_TEAM = C9V674GA4T;
				OTHER_LDFLAGS = "-ObjC";
				PRODUCT_NAME = "$(TARGET_NAME)";
				SKIP_INSTALL = YES;
			};
			name = Debug;
		};
		81BEC4061E3632F400F66A52 /* Release */ = {
			isa = XCBuildConfiguration;
			buildSettings = {
				DEVELOPMENT_TEAM = C9V674GA4T;
				OTHER_LDFLAGS = "-ObjC";
				PRODUCT_NAME = "$(TARGET_NAME)";
				SKIP_INSTALL = YES;
			};
			name = Release;
		};
/* End XCBuildConfiguration section */

/* Begin XCConfigurationList section */
		81BEC3F61E3632F400F66A52 /* Build configuration list for PBXProject "UnityiOSPlugin" */ = {
			isa = XCConfigurationList;
			buildConfigurations = (
				81BEC4021E3632F400F66A52 /* Debug */,
				81BEC4031E3632F400F66A52 /* Release */,
			);
			defaultConfigurationIsVisible = 0;
			defaultConfigurationName = Release;
		};
		81BEC4041E3632F400F66A52 /* Build configuration list for PBXNativeTarget "UnityiOSPlugin" */ = {
			isa = XCConfigurationList;
			buildConfigurations = (
				81BEC4051E3632F400F66A52 /* Debug */,
				81BEC4061E3632F400F66A52 /* Release */,
			);
			defaultConfigurationIsVisible = 0;
			defaultConfigurationName = Release;
		};
/* End XCConfigurationList section */
	};
	rootObject = 81BEC3F31E3632F400F66A52 /* Project object */;
}
